<?xml version="1.0" encoding="utf-8"?>
<Project ToolsVersion="4.0" xmlns="http://schemas.microsoft.com/developer/msbuild/2003">
  <ItemGroup>
    <ClInclude Include="pch.h" />
    <ClInclude Include="android_native_app_glue.h" />
    <ClInclude Include="Settings.h" />
    <ClInclude Include="Stardust.h" />
    <ClInclude Include="Vulkan\vulkan_wrapper.h">
      <Filter>Vulkan</Filter>
    </ClInclude>
    <ClInclude Include="Vulkan\vulkan_utils.h">
      <Filter>Vulkan</Filter>
    </ClInclude>
    <ClInclude Include="vulkan_engine.h" />
    <ClInclude Include="Stb\stb_image.h">
      <Filter>Stb</Filter>
    </ClInclude>
  </ItemGroup>
  <ItemGroup>
    <ClCompile Include="android_native_app_glue.c" />
    <ClCompile Include="main.cpp" />
    <ClCompile Include="Stardust.cpp" />
    <ClCompile Include="Vulkan\vulkan_wrapper.cpp">
      <Filter>Vulkan</Filter>
    </ClCompile>
    <ClCompile Include="Vulkan\vulkan_utils.cpp">
      <Filter>Vulkan</Filter>
    </ClCompile>
    <ClCompile Include="vulkan_engine.cpp" />
    <ClCompile Include="Stb\stb_image.c">
      <Filter>Stb</Filter>
    </ClCompile>
  </ItemGroup>
  <ItemGroup>
    <Filter Include="Vulkan">
      <UniqueIdentifier>{904378d8-04d6-4f00-b494-4d6dec4d913d}</UniqueIdentifier>
    </Filter>
    <Filter Include="Stb">
      <UniqueIdentifier>{7d47691b-41da-462c-83c0-00fa0d6e6930}</UniqueIdentifier>
    </Filter>
  </ItemGroup>
</Project>